
Microsoft Visual Studio Solution File, Format Version 12.00
# Visual Studio 15
VisualStudioVersion = 15.0.28307.645
MinimumVisualStudioVersion = 10.0.40219.1
Project("{FAE04EC0-301F-11D3-BF4B-00C04F79EFBC}") = "AssetSystem01", "AssetSystem01\AssetSystem01.csproj", "{F20F9D7D-1BC0-46CB-9646-A0613B6057A8}"
EndProject
Global
	GlobalSection(SolutionConfigurationPlatforms) = preSolution
		Debug|Any CPU = Debug|Any CPU
		Release|Any CPU = Release|Any CPU
	EndGlobalSection
	GlobalSection(ProjectConfigurationPlatforms) = postSolution
		{F20F9D7D-1BC0-46CB-9646-A0613B6057A8}.Debug|Any CPU.ActiveCfg = Debug|Any CPU
		{F20F9D7D-1BC0-46CB-9646-A0613B6057A8}.Debug|Any CPU.Build.0 = Debug|Any CPU
		{F20F9D7D-1BC0-46CB-9646-A0613B6057A8}.Release|Any CPU.ActiveCfg = Release|Any CPU
		{F20F9D7D-1BC0-46CB-9646-A0613B6057A8}.Release|Any CPU.Build.0 = Release|Any CPU
	EndGlobalSection
	GlobalSection(SolutionProperties) = preSolution
		HideSolutionNode = FALSE
	EndGlobalSection
	GlobalSection(ExtensibilityGlobals) = postSolution
		SolutionGuid = {09705EC7-BB15-4787-958C-F25499BE18FF}
	EndGlobalSection
EndGlobal
